{
  "name": "imei-project",
  "version": "1.0.0",
  "lockfileVersion": 3,
  "requires": true,
  "packages": {
    "": {
      "name": "imei-project",
      "version": "1.0.0",
      "license": "ISC",
      "dependencies": {
        "imei-generator": "^1.0.1"
      }
    },
    "node_modules/imei-generator": {
      "version": "1.0.1",
      "resolved": "https://registry.npmjs.org/imei-generator/-/imei-generator-1.0.1.tgz",
      "integrity": "sha512-fG5bUQ6MdhrEha6yCXsVxQvxFgphE7X65dbW7WLweLeKviriefhMZBqy7khWMLWDP+xMwLyCbCiCN7A8pfkPNA=="
    }
  }
}
